
Microsoft Visual Studio Solution File, Format Version 12.00
# Visual Studio 15
Project("{FAE04EC0-301F-11D3-BF4B-00C04F79EFBC}") = "Assembly-CSharp", "Assembly-CSharp.csproj", "{BAECC348-129C-3ECE-154D-20079888BDDD}"
EndProject
Project("{FAE04EC0-301F-11D3-BF4B-00C04F79EFBC}") = "Assembly-CSharp-Editor", "Assembly-CSharp-Editor.csproj", "{C6244B4E-3518-F144-6CCC-473F5206998D}"
EndProject
Global
	GlobalSection(SolutionConfigurationPlatforms) = preSolution
		Debug|Any CPU = Debug|Any CPU
		Release|Any CPU = Release|Any CPU
	EndGlobalSection
	GlobalSection(ProjectConfigurationPlatforms) = postSolution
		{BAECC348-129C-3ECE-154D-20079888BDDD}.Debug|Any CPU.ActiveCfg = Debug|Any CPU
		{BAECC348-129C-3ECE-154D-20079888BDDD}.Debug|Any CPU.Build.0 = Debug|Any CPU
		{BAECC348-129C-3ECE-154D-20079888BDDD}.Release|Any CPU.ActiveCfg = Release|Any CPU
		{BAECC348-129C-3ECE-154D-20079888BDDD}.Release|Any CPU.Build.0 = Release|Any CPU
		{C6244B4E-3518-F144-6CCC-473F5206998D}.Debug|Any CPU.ActiveCfg = Debug|Any CPU
		{C6244B4E-3518-F144-6CCC-473F5206998D}.Debug|Any CPU.Build.0 = Debug|Any CPU
		{C6244B4E-3518-F144-6CCC-473F5206998D}.Release|Any CPU.ActiveCfg = Release|Any CPU
		{C6244B4E-3518-F144-6CCC-473F5206998D}.Release|Any CPU.Build.0 = Release|Any CPU
	EndGlobalSection
	GlobalSection(SolutionProperties) = preSolution
		HideSolutionNode = FALSE
	EndGlobalSection
EndGlobal
